// !$*UTF8*$!
{
	archiveVersion = 1;
	classes = {
	};
	objectVersion = 56;
	objects = {

/* Begin PBXBuildFile section */
		83F471AA296DAB82008A4A7F /* BracketyzerApp.swift in Sources */ = {isa = PBXBuildFile; fileRef = 83F471A9296DAB82008A4A7F /* BracketyzerApp.swift */; };
		83F471AC296DAB82008A4A7F /* ContentView.swift in Sources */ = {isa = PBXBuildFile; fileRef = 83F471AB296DAB82008A4A7F /* ContentView.swift */; };
		83F471AE296DAB84008A4A7F /* Assets.xcassets in Resources */ = {isa = PBXBuildFile; fileRef = 83F471AD296DAB84008A4A7F /* Assets.xcassets */; };
		83F471B1296DAB84008A4A7F /* Preview Assets.xcassets in Resources */ = {isa = PBXBuildFile; fileRef = 83F471B0296DAB84008A4A7F /* Preview Assets.xcassets */; };
		83F471BA296DABC2008A4A7F /* GoogleService-Info.plist in Resources */ = {isa = PBXBuildFile; fileRef = 83F471B9296DABC2008A4A7F /* GoogleService-Info.plist */; };
		83F471BE296DAE69008A4A7F /* FirebaseAnalytics in Frameworks */ = {isa = PBXBuildFile; productRef = 83F471BD296DAE69008A4A7F /* FirebaseAnalytics */; };
		83F471C0296DAE69008A4A7F /* FirebaseAnalyticsWithoutAdIdSupport in Frameworks */ = {isa = PBXBuildFile; productRef = 83F471BF296DAE69008A4A7F /* FirebaseAnalyticsWithoutAdIdSupport */; };
		83F471C2296DAE69008A4A7F /* FirebaseAuth in Frameworks */ = {isa = PBXBuildFile; productRef = 83F471C1296DAE69008A4A7F /* FirebaseAuth */; };
		83F471C4296DAE69008A4A7F /* FirebaseCrashlytics in Frameworks */ = {isa = PBXBuildFile; productRef = 83F471C3296DAE69008A4A7F /* FirebaseCrashlytics */; };
		83F471C6296DAE69008A4A7F /* FirebaseFirestore in Frameworks */ = {isa = PBXBuildFile; productRef = 83F471C5296DAE69008A4A7F /* FirebaseFirestore */; };
		83F471C8296DAE69008A4A7F /* FirebaseStorage in Frameworks */ = {isa = PBXBuildFile; productRef = 83F471C7296DAE69008A4A7F /* FirebaseStorage */; };
		83F471CC296DB364008A4A7F /* EditBracketView.swift in Sources */ = {isa = PBXBuildFile; fileRef = 83F471CB296DB364008A4A7F /* EditBracketView.swift */; };
		83F471CE296DB709008A4A7F /* Bracket.swift in Sources */ = {isa = PBXBuildFile; fileRef = 83F471CD296DB709008A4A7F /* Bracket.swift */; };
/* End PBXBuildFile section */

/* Begin PBXFileReference section */
		83F471A6296DAB82008A4A7F /* Bracketyzer.app */ = {isa = PBXFileReference; explicitFileType = wrapper.application; includeInIndex = 0; path = Bracketyzer.app; sourceTree = BUILT_PRODUCTS_DIR; };
		83F471A9296DAB82008A4A7F /* BracketyzerApp.swift */ = {isa = PBXFileReference; lastKnownFileType = sourcecode.swift; path = BracketyzerApp.swift; sourceTree = "<group>"; };
		83F471AB296DAB82008A4A7F /* ContentView.swift */ = {isa = PBXFileReference; lastKnownFileType = sourcecode.swift; path = ContentView.swift; sourceTree = "<group>"; };
		83F471AD296DAB84008A4A7F /* Assets.xcassets */ = {isa = PBXFileReference; lastKnownFileType = folder.assetcatalog; path = Assets.xcassets; sourceTree = "<group>"; };
		83F471B0296DAB84008A4A7F /* Preview Assets.xcassets */ = {isa = PBXFileReference; lastKnownFileType = folder.assetcatalog; path = "Preview Assets.xcassets"; sourceTree = "<group>"; };
		83F471B9296DABC2008A4A7F /* GoogleService-Info.plist */ = {isa = PBXFileReference; lastKnownFileType = text.plist; path = "GoogleService-Info.plist"; sourceTree = SOURCE_ROOT; };
		83F471CB296DB364008A4A7F /* EditBracketView.swift */ = {isa = PBXFileReference; lastKnownFileType = sourcecode.swift; path = EditBracketView.swift; sourceTree = "<group>"; };
		83F471CD296DB709008A4A7F /* Bracket.swift */ = {isa = PBXFileReference; lastKnownFileType = sourcecode.swift; path = Bracket.swift; sourceTree = "<group>"; };
/* End PBXFileReference section */

/* Begin PBXFrameworksBuildPhase section */
		83F471A3296DAB82008A4A7F /* Frameworks */ = {
			isa = PBXFrameworksBuildPhase;
			buildActionMask = 2147483647;
			files = (
				83F471BE296DAE69008A4A7F /* FirebaseAnalytics in Frameworks */,
				83F471C4296DAE69008A4A7F /* FirebaseCrashlytics in Frameworks */,
				83F471C2296DAE69008A4A7F /* FirebaseAuth in Frameworks */,
				83F471C6296DAE69008A4A7F /* FirebaseFirestore in Frameworks */,
				83F471C0296DAE69008A4A7F /* FirebaseAnalyticsWithoutAdIdSupport in Frameworks */,
				83F471C8296DAE69008A4A7F /* FirebaseStorage in Frameworks */,
			);
			runOnlyForDeploymentPostprocessing = 0;
		};
/* End PBXFrameworksBuildPhase section */

/* Begin PBXGroup section */
		83F4719D296DAB82008A4A7F = {
			isa = PBXGroup;
			children = (
				83F471A8296DAB82008A4A7F /* Bracketyzer */,
				83F471A7296DAB82008A4A7F /* Products */,
			);
			sourceTree = "<group>";
		};
		83F471A7296DAB82008A4A7F /* Products */ = {
			isa = PBXGroup;
			children = (
				83F471A6296DAB82008A4A7F /* Bracketyzer.app */,
			);
			name = Products;
			sourceTree = "<group>";
		};
		83F471A8296DAB82008A4A7F /* Bracketyzer */ = {
			isa = PBXGroup;
			children = (
				83F471A9296DAB82008A4A7F /* BracketyzerApp.swift */,
				83F471AB296DAB82008A4A7F /* ContentView.swift */,
				83F471CB296DB364008A4A7F /* EditBracketView.swift */,
				83F471CD296DB709008A4A7F /* Bracket.swift */,
				83F471AD296DAB84008A4A7F /* Assets.xcassets */,
				83F471B9296DABC2008A4A7F /* GoogleService-Info.plist */,
				83F471AF296DAB84008A4A7F /* Preview Content */,
			);
			path = Bracketyzer;
			sourceTree = "<group>";
		};
		83F471AF296DAB84008A4A7F /* Preview Content */ = {
			isa = PBXGroup;
			children = (
				83F471B0296DAB84008A4A7F /* Preview Assets.xcassets */,
			);
			path = "Preview Content";
			sourceTree = "<group>";
		};
/* End PBXGroup section */

/* Begin PBXNativeTarget section */
		83F471A5296DAB82008A4A7F /* Bracketyzer */ = {
			isa = PBXNativeTarget;
			buildConfigurationList = 83F471B4296DAB84008A4A7F /* Build configuration list for PBXNativeTarget "Bracketyzer" */;
			buildPhases = (
				83F471A2296DAB82008A4A7F /* Sources */,
				83F471A3296DAB82008A4A7F /* Frameworks */,
				83F471A4296DAB82008A4A7F /* Resources */,
			);
			buildRules = (
			);
			dependencies = (
			);
			name = Bracketyzer;
			packageProductDependencies = (
				83F471BD296DAE69008A4A7F /* FirebaseAnalytics */,
				83F471BF296DAE69008A4A7F /* FirebaseAnalyticsWithoutAdIdSupport */,
				83F471C1296DAE69008A4A7F /* FirebaseAuth */,
				83F471C3296DAE69008A4A7F /* FirebaseCrashlytics */,
				83F471C5296DAE69008A4A7F /* FirebaseFirestore */,
				83F471C7296DAE69008A4A7F /* FirebaseStorage */,
			);
			productName = Bracketyzer;
			productReference = 83F471A6296DAB82008A4A7F /* Bracketyzer.app */;
			productType = "com.apple.product-type.application";
		};
/* End PBXNativeTarget section */

/* Begin PBXProject section */
		83F4719E296DAB82008A4A7F /* Project object */ = {
			isa = PBXProject;
			attributes = {
				BuildIndependentTargetsInParallel = 1;
				LastSwiftUpdateCheck = 1420;
				LastUpgradeCheck = 1420;
				TargetAttributes = {
					83F471A5296DAB82008A4A7F = {
						CreatedOnToolsVersion = 14.2;
					};
				};
			};
			buildConfigurationList = 83F471A1296DAB82008A4A7F /* Build configuration list for PBXProject "Bracketyzer" */;
			compatibilityVersion = "Xcode 14.0";
			developmentRegion = en;
			hasScannedForEncodings = 0;
			knownRegions = (
				en,
				Base,
			);
			mainGroup = 83F4719D296DAB82008A4A7F;
			packageReferences = (
				83F471BC296DAE69008A4A7F /* XCRemoteSwiftPackageReference "firebase-ios-sdk" */,
			);
			productRefGroup = 83F471A7296DAB82008A4A7F /* Products */;
			projectDirPath = "";
			projectRoot = "";
			targets = (
				83F471A5296DAB82008A4A7F /* Bracketyzer */,
			);
		};
/* End PBXProject section */

/* Begin PBXResourcesBuildPhase section */
		83F471A4296DAB82008A4A7F /* Resources */ = {
			isa = PBXResourcesBuildPhase;
			buildActionMask = 2147483647;
			files = (
				83F471B1296DAB84008A4A7F /* Preview Assets.xcassets in Resources */,
				83F471AE296DAB84008A4A7F /* Assets.xcassets in Resources */,
				83F471BA296DABC2008A4A7F /* GoogleService-Info.plist in Resources */,
			);
			runOnlyForDeploymentPostprocessing = 0;
		};
/* End PBXResourcesBuildPhase section */

/* Begin PBXSourcesBuildPhase section */
		83F471A2296DAB82008A4A7F /* Sources */ = {
			isa = PBXSourcesBuildPhase;
			buildActionMask = 2147483647;
			files = (
				83F471CE296DB709008A4A7F /* Bracket.swift in Sources */,
				83F471AC296DAB82008A4A7F /* ContentView.swift in Sources */,
				83F471CC296DB364008A4A7F /* EditBracketView.swift in Sources */,
				83F471AA296DAB82008A4A7F /* BracketyzerApp.swift in Sources */,
			);
			runOnlyForDeploymentPostprocessing = 0;
		};
/* End PBXSourcesBuildPhase section */

/* Begin XCBuildConfiguration section */
		83F471B2296DAB84008A4A7F /* Debug */ = {
			isa = XCBuildConfiguration;
			buildSettings = {
				ALWAYS_SEARCH_USER_PATHS = NO;
				CLANG_ANALYZER_NONNULL = YES;
				CLANG_ANALYZER_NUMBER_OBJECT_CONVERSION = YES_AGGRESSIVE;
				CLANG_CXX_LANGUAGE_STANDARD = "gnu++20";
				CLANG_ENABLE_MODULES = YES;
				CLANG_ENABLE_OBJC_ARC = YES;
				CLANG_ENABLE_OBJC_WEAK = YES;
				CLANG_WARN_BLOCK_CAPTURE_AUTORELEASING = YES;
				CLANG_WARN_BOOL_CONVERSION = YES;
				CLANG_WARN_COMMA = YES;
				CLANG_WARN_CONSTANT_CONVERSION = YES;
				CLANG_WARN_DEPRECATED_OBJC_IMPLEMENTATIONS = YES;
				CLANG_WARN_DIRECT_OBJC_ISA_USAGE = YES_ERROR;
				CLANG_WARN_DOCUMENTATION_COMMENTS = YES;
				CLANG_WARN_EMPTY_BODY = YES;
				CLANG_WARN_ENUM_CONVERSION = YES;
				CLANG_WARN_INFINITE_RECURSION = YES;
				CLANG_WARN_INT_CONVERSION = YES;
				CLANG_WARN_NON_LITERAL_NULL_CONVERSION = YES;
				CLANG_WARN_OBJC_IMPLICIT_RETAIN_SELF = YES;
				CLANG_WARN_OBJC_LITERAL_CONVERSION = YES;
				CLANG_WARN_OBJC_ROOT_CLASS = YES_ERROR;
				CLANG_WARN_QUOTED_INCLUDE_IN_FRAMEWORK_HEADER = YES;
				CLANG_WARN_RANGE_LOOP_ANALYSIS = YES;
				CLANG_WARN_STRICT_PROTOTYPES = YES;
				CLANG_WARN_SUSPICIOUS_MOVE = YES;
				CLANG_WARN_UNGUARDED_AVAILABILITY = YES_AGGRESSIVE;
				CLANG_WARN_UNREACHABLE_CODE = YES;
				CLANG_WARN__DUPLICATE_METHOD_MATCH = YES;
				COPY_PHASE_STRIP = NO;
				DEBUG_INFORMATION_FORMAT = dwarf;
				ENABLE_STRICT_OBJC_MSGSEND = YES;
				ENABLE_TESTABILITY = YES;
				GCC_C_LANGUAGE_STANDARD = gnu11;
				GCC_DYNAMIC_NO_PIC = NO;
				GCC_NO_COMMON_BLOCKS = YES;
				GCC_OPTIMIZATION_LEVEL = 0;
				GCC_PREPROCESSOR_DEFINITIONS = (
					"DEBUG=1",
					"$(inherited)",
				);
				GCC_WARN_64_TO_32_BIT_CONVERSION = YES;
				GCC_WARN_ABOUT_RETURN_TYPE = YES_ERROR;
				GCC_WARN_UNDECLARED_SELECTOR = YES;
				GCC_WARN_UNINITIALIZED_AUTOS = YES_AGGRESSIVE;
				GCC_WARN_UNUSED_FUNCTION = YES;
				GCC_WARN_UNUSED_VARIABLE = YES;
				IPHONEOS_DEPLOYMENT_TARGET = 16.2;
				MTL_ENABLE_DEBUG_INFO = INCLUDE_SOURCE;
				MTL_FAST_MATH = YES;
				ONLY_ACTIVE_ARCH = YES;
				SDKROOT = iphoneos;
				SWIFT_ACTIVE_COMPILATION_CONDITIONS = DEBUG;
				SWIFT_OPTIMIZATION_LEVEL = "-Onone";
			};
			name = Debug;
		};
		83F471B3296DAB84008A4A7F /* Release */ = {
			isa = XCBuildConfiguration;
			buildSettings = {
				ALWAYS_SEARCH_USER_PATHS = NO;
				CLANG_ANALYZER_NONNULL = YES;
				CLANG_ANALYZER_NUMBER_OBJECT_CONVERSION = YES_AGGRESSIVE;
				CLANG_CXX_LANGUAGE_STANDARD = "gnu++20";
				CLANG_ENABLE_MODULES = YES;
				CLANG_ENABLE_OBJC_ARC = YES;
				CLANG_ENABLE_OBJC_WEAK = YES;
				CLANG_WARN_BLOCK_CAPTURE_AUTORELEASING = YES;
				CLANG_WARN_BOOL_CONVERSION = YES;
				CLANG_WARN_COMMA = YES;
				CLANG_WARN_CONSTANT_CONVERSION = YES;
				CLANG_WARN_DEPRECATED_OBJC_IMPLEMENTATIONS = YES;
				CLANG_WARN_DIRECT_OBJC_ISA_USAGE = YES_ERROR;
				CLANG_WARN_DOCUMENTATION_COMMENTS = YES;
				CLANG_WARN_EMPTY_BODY = YES;
				CLANG_WARN_ENUM_CONVERSION = YES;
				CLANG_WARN_INFINITE_RECURSION = YES;
				CLANG_WARN_INT_CONVERSION = YES;
				CLANG_WARN_NON_LITERAL_NULL_CONVERSION = YES;
				CLANG_WARN_OBJC_IMPLICIT_RETAIN_SELF = YES;
				CLANG_WARN_OBJC_LITERAL_CONVERSION = YES;
				CLANG_WARN_OBJC_ROOT_CLASS = YES_ERROR;
				CLANG_WARN_QUOTED_INCLUDE_IN_FRAMEWORK_HEADER = YES;
				CLANG_WARN_RANGE_LOOP_ANALYSIS = YES;
				CLANG_WARN_STRICT_PROTOTYPES = YES;
				CLANG_WARN_SUSPICIOUS_MOVE = YES;
				CLANG_WARN_UNGUARDED_AVAILABILITY = YES_AGGRESSIVE;
				CLANG_WARN_UNREACHABLE_CODE = YES;
				CLANG_WARN__DUPLICATE_METHOD_MATCH = YES;
				COPY_PHASE_STRIP = NO;
				DEBUG_INFORMATION_FORMAT = "dwarf-with-dsym";
				ENABLE_NS_ASSERTIONS = NO;
				ENABLE_STRICT_OBJC_MSGSEND = YES;
				GCC_C_LANGUAGE_STANDARD = gnu11;
				GCC_NO_COMMON_BLOCKS = YES;
				GCC_WARN_64_TO_32_BIT_CONVERSION = YES;
				GCC_WARN_ABOUT_RETURN_TYPE = YES_ERROR;
				GCC_WARN_UNDECLARED_SELECTOR = YES;
				GCC_WARN_UNINITIALIZED_AUTOS = YES_AGGRESSIVE;
				GCC_WARN_UNUSED_FUNCTION = YES;
				GCC_WARN_UNUSED_VARIABLE = YES;
				IPHONEOS_DEPLOYMENT_TARGET = 16.2;
				MTL_ENABLE_DEBUG_INFO = NO;
				MTL_FAST_MATH = YES;
				SDKROOT = iphoneos;
				SWIFT_COMPILATION_MODE = wholemodule;
				SWIFT_OPTIMIZATION_LEVEL = "-O";
				VALIDATE_PRODUCT = YES;
			};
			name = Release;
		};
		83F471B5296DAB84008A4A7F /* Debug */ = {
			isa = XCBuildConfiguration;
			buildSettings = {
				ASSETCATALOG_COMPILER_APPICON_NAME = AppIcon;
				ASSETCATALOG_COMPILER_GLOBAL_ACCENT_COLOR_NAME = AccentColor;
				CODE_SIGN_STYLE = Automatic;
				CURRENT_PROJECT_VERSION = 1;
				DEVELOPMENT_ASSET_PATHS = "\"Bracketyzer/Preview Content\"";
				DEVELOPMENT_TEAM = 84LWTY6T5F;
				ENABLE_PREVIEWS = YES;
				GENERATE_INFOPLIST_FILE = YES;
				INFOPLIST_KEY_UIApplicationSceneManifest_Generation = YES;
				INFOPLIST_KEY_UIApplicationSupportsIndirectInputEvents = YES;
				INFOPLIST_KEY_UILaunchScreen_Generation = YES;
				INFOPLIST_KEY_UISupportedInterfaceOrientations_iPad = "UIInterfaceOrientationPortrait UIInterfaceOrientationPortraitUpsideDown UIInterfaceOrientationLandscapeLeft UIInterfaceOrientationLandscapeRight";
				INFOPLIST_KEY_UISupportedInterfaceOrientations_iPhone = "UIInterfaceOrientationPortrait UIInterfaceOrientationLandscapeLeft UIInterfaceOrientationLandscapeRight";
				LD_RUNPATH_SEARCH_PATHS = (
					"$(inherited)",
					"@executable_path/Frameworks",
				);
				MARKETING_VERSION = 1.0;
				OTHER_LDFLAGS = "-ObjC";
				PRODUCT_BUNDLE_IDENTIFIER = com.DocsApps.Bracketyzer;
				PRODUCT_NAME = "$(TARGET_NAME)";
				SWIFT_EMIT_LOC_STRINGS = YES;
				SWIFT_VERSION = 5.0;
				TARGETED_DEVICE_FAMILY = "1,2";
			};
			name = Debug;
		};
		83F471B6296DAB84008A4A7F /* Release */ = {
			isa = XCBuildConfiguration;
			buildSettings = {
				ASSETCATALOG_COMPILER_APPICON_NAME = AppIcon;
				ASSETCATALOG_COMPILER_GLOBAL_ACCENT_COLOR_NAME = AccentColor;
				CODE_SIGN_STYLE = Automatic;
				CURRENT_PROJECT_VERSION = 1;
				DEVELOPMENT_ASSET_PATHS = "\"Bracketyzer/Preview Content\"";
				DEVELOPMENT_TEAM = 84LWTY6T5F;
				ENABLE_PREVIEWS = YES;
				GENERATE_INFOPLIST_FILE = YES;
				INFOPLIST_KEY_UIApplicationSceneManifest_Generation = YES;
				INFOPLIST_KEY_UIApplicationSupportsIndirectInputEvents = YES;
				INFOPLIST_KEY_UILaunchScreen_Generation = YES;
				INFOPLIST_KEY_UISupportedInterfaceOrientations_iPad = "UIInterfaceOrientationPortrait UIInterfaceOrientationPortraitUpsideDown UIInterfaceOrientationLandscapeLeft UIInterfaceOrientationLandscapeRight";
				INFOPLIST_KEY_UISupportedInterfaceOrientations_iPhone = "UIInterfaceOrientationPortrait UIInterfaceOrientationLandscapeLeft UIInterfaceOrientationLandscapeRight";
				LD_RUNPATH_SEARCH_PATHS = (
					"$(inherited)",
					"@executable_path/Frameworks",
				);
				MARKETING_VERSION = 1.0;
				OTHER_LDFLAGS = "-ObjC";
				PRODUCT_BUNDLE_IDENTIFIER = com.DocsApps.Bracketyzer;
				PRODUCT_NAME = "$(TARGET_NAME)";
				SWIFT_EMIT_LOC_STRINGS = YES;
				SWIFT_VERSION = 5.0;
				TARGETED_DEVICE_FAMILY = "1,2";
			};
			name = Release;
		};
/* End XCBuildConfiguration section */

/* Begin XCConfigurationList section */
		83F471A1296DAB82008A4A7F /* Build configuration list for PBXProject "Bracketyzer" */ = {
			isa = XCConfigurationList;
			buildConfigurations = (
				83F471B2296DAB84008A4A7F /* Debug */,
				83F471B3296DAB84008A4A7F /* Release */,
			);
			defaultConfigurationIsVisible = 0;
			defaultConfigurationName = Release;
		};
		83F471B4296DAB84008A4A7F /* Build configuration list for PBXNativeTarget "Bracketyzer" */ = {
			isa = XCConfigurationList;
			buildConfigurations = (
				83F471B5296DAB84008A4A7F /* Debug */,
				83F471B6296DAB84008A4A7F /* Release */,
			);
			defaultConfigurationIsVisible = 0;
			defaultConfigurationName = Release;
		};
/* End XCConfigurationList section */

/* Begin XCRemoteSwiftPackageReference section */
		83F471BC296DAE69008A4A7F /* XCRemoteSwiftPackageReference "firebase-ios-sdk" */ = {
			isa = XCRemoteSwiftPackageReference;
			repositoryURL = "https://github.com/firebase/firebase-ios-sdk.git";
			requirement = {
				kind = upToNextMajorVersion;
				minimumVersion = 9.0.0;
			};
		};
/* End XCRemoteSwiftPackageReference section */

/* Begin XCSwiftPackageProductDependency section */
		83F471BD296DAE69008A4A7F /* FirebaseAnalytics */ = {
			isa = XCSwiftPackageProductDependency;
			package = 83F471BC296DAE69008A4A7F /* XCRemoteSwiftPackageReference "firebase-ios-sdk" */;
			productName = FirebaseAnalytics;
		};
		83F471BF296DAE69008A4A7F /* FirebaseAnalyticsWithoutAdIdSupport */ = {
			isa = XCSwiftPackageProductDependency;
			package = 83F471BC296DAE69008A4A7F /* XCRemoteSwiftPackageReference "firebase-ios-sdk" */;
			productName = FirebaseAnalyticsWithoutAdIdSupport;
		};
		83F471C1296DAE69008A4A7F /* FirebaseAuth */ = {
			isa = XCSwiftPackageProductDependency;
			package = 83F471BC296DAE69008A4A7F /* XCRemoteSwiftPackageReference "firebase-ios-sdk" */;
			productName = FirebaseAuth;
		};
		83F471C3296DAE69008A4A7F /* FirebaseCrashlytics */ = {
			isa = XCSwiftPackageProductDependency;
			package = 83F471BC296DAE69008A4A7F /* XCRemoteSwiftPackageReference "firebase-ios-sdk" */;
			productName = FirebaseCrashlytics;
		};
		83F471C5296DAE69008A4A7F /* FirebaseFirestore */ = {
			isa = XCSwiftPackageProductDependency;
			package = 83F471BC296DAE69008A4A7F /* XCRemoteSwiftPackageReference "firebase-ios-sdk" */;
			productName = FirebaseFirestore;
		};
		83F471C7296DAE69008A4A7F /* FirebaseStorage */ = {
			isa = XCSwiftPackageProductDependency;
			package = 83F471BC296DAE69008A4A7F /* XCRemoteSwiftPackageReference "firebase-ios-sdk" */;
			productName = FirebaseStorage;
		};
/* End XCSwiftPackageProductDependency section */
	};
	rootObject = 83F4719E296DAB82008A4A7F /* Project object */;
}
